// !$*UTF8*$!
{
	archiveVersion = 1;
	classes = {
	};
	objectVersion = 46;
	objects = {

/* Begin PBXBuildFile section */
		1A6563AE1CC77DA10035E749 /* main.m in Sources */ = {isa = PBXBuildFile; fileRef = 1A6563AD1CC77DA10035E749 /* main.m */; };
		1A6563B11CC77DA10035E749 /* AppDelegate.m in Sources */ = {isa = PBXBuildFile; fileRef = 1A6563B01CC77DA10035E749 /* AppDelegate.m */; };
		1A6563B41CC77DA10035E749 /* ViewController.m in Sources */ = {isa = PBXBuildFile; fileRef = 1A6563B31CC77DA10035E749 /* ViewController.m */; };
		1A6563B71CC77DA10035E749 /* Main.storyboard in Resources */ = {isa = PBXBuildFile; fileRef = 1A6563B51CC77DA10035E749 /* Main.storyboard */; };
		1A6563B91CC77DA10035E749 /* Assets.xcassets in Resources */ = {isa = PBXBuildFile; fileRef = 1A6563B81CC77DA10035E749 /* Assets.xcassets */; };
		1A6563BC1CC77DA10035E749 /* LaunchScreen.storyboard in Resources */ = {isa = PBXBuildFile; fileRef = 1A6563BA1CC77DA10035E749 /* LaunchScreen.storyboard */; };
		1A6563C71CC77DA10035E749 /* LBGuideViewTests.m in Sources */ = {isa = PBXBuildFile; fileRef = 1A6563C61CC77DA10035E749 /* LBGuideViewTests.m */; };
		1A6563D21CC77DA10035E749 /* LBGuideViewUITests.m in Sources */ = {isa = PBXBuildFile; fileRef = 1A6563D11CC77DA10035E749 /* LBGuideViewUITests.m */; };
		1A6563E21CC77F390035E749 /* LBGuideView.m in Sources */ = {isa = PBXBuildFile; fileRef = 1A6563E11CC77F390035E749 /* LBGuideView.m */; };
/* End PBXBuildFile section */

/* Begin PBXContainerItemProxy section */
		1A6563C31CC77DA10035E749 /* PBXContainerItemProxy */ = {
			isa = PBXContainerItemProxy;
			containerPortal = 1A6563A11CC77DA10035E749 /* Project object */;
			proxyType = 1;
			remoteGlobalIDString = 1A6563A81CC77DA10035E749;
			remoteInfo = LBGuideView;
		};
		1A6563CE1CC77DA10035E749 /* PBXContainerItemProxy */ = {
			isa = PBXContainerItemProxy;
			containerPortal = 1A6563A11CC77DA10035E749 /* Project object */;
			proxyType = 1;
			remoteGlobalIDString = 1A6563A81CC77DA10035E749;
			remoteInfo = LBGuideView;
		};
/* End PBXContainerItemProxy section */

/* Begin PBXFileReference section */
		1A6563A91CC77DA10035E749 /* LBGuideView.app */ = {isa = PBXFileReference; explicitFileType = wrapper.application; includeInIndex = 0; path = LBGuideView.app; sourceTree = BUILT_PRODUCTS_DIR; };
		1A6563AD1CC77DA10035E749 /* main.m */ = {isa = PBXFileReference; lastKnownFileType = sourcecode.c.objc; path = main.m; sourceTree = "<group>"; };
		1A6563AF1CC77DA10035E749 /* AppDelegate.h */ = {isa = PBXFileReference; lastKnownFileType = sourcecode.c.h; path = AppDelegate.h; sourceTree = "<group>"; };
		1A6563B01CC77DA10035E749 /* AppDelegate.m */ = {isa = PBXFileReference; lastKnownFileType = sourcecode.c.objc; path = AppDelegate.m; sourceTree = "<group>"; };
		1A6563B21CC77DA10035E749 /* ViewController.h */ = {isa = PBXFileReference; lastKnownFileType = sourcecode.c.h; path = ViewController.h; sourceTree = "<group>"; };
		1A6563B31CC77DA10035E749 /* ViewController.m */ = {isa = PBXFileReference; lastKnownFileType = sourcecode.c.objc; path = ViewController.m; sourceTree = "<group>"; };
		1A6563B61CC77DA10035E749 /* Base */ = {isa = PBXFileReference; lastKnownFileType = file.storyboard; name = Base; path = Base.lproj/Main.storyboard; sourceTree = "<group>"; };
		1A6563B81CC77DA10035E749 /* Assets.xcassets */ = {isa = PBXFileReference; lastKnownFileType = folder.assetcatalog; path = Assets.xcassets; sourceTree = "<group>"; };
		1A6563BB1CC77DA10035E749 /* Base */ = {isa = PBXFileReference; lastKnownFileType = file.storyboard; name = Base; path = Base.lproj/LaunchScreen.storyboard; sourceTree = "<group>"; };
		1A6563BD1CC77DA10035E749 /* Info.plist */ = {isa = PBXFileReference; lastKnownFileType = text.plist.xml; path = Info.plist; sourceTree = "<group>"; };
		1A6563C21CC77DA10035E749 /* LBGuideViewTests.xctest */ = {isa = PBXFileReference; explicitFileType = wrapper.cfbundle; includeInIndex = 0; path = LBGuideViewTests.xctest; sourceTree = BUILT_PRODUCTS_DIR; };
		1A6563C61CC77DA10035E749 /* LBGuideViewTests.m */ = {isa = PBXFileReference; lastKnownFileType = sourcecode.c.objc; path = LBGuideViewTests.m; sourceTree = "<group>"; };
		1A6563C81CC77DA10035E749 /* Info.plist */ = {isa = PBXFileReference; lastKnownFileType = text.plist.xml; path = Info.plist; sourceTree = "<group>"; };
		1A6563CD1CC77DA10035E749 /* LBGuideViewUITests.xctest */ = {isa = PBXFileReference; explicitFileType = wrapper.cfbundle; includeInIndex = 0; path = LBGuideViewUITests.xctest; sourceTree = BUILT_PRODUCTS_DIR; };
		1A6563D11CC77DA10035E749 /* LBGuideViewUITests.m */ = {isa = PBXFileReference; lastKnownFileType = sourcecode.c.objc; path = LBGuideViewUITests.m; sourceTree = "<group>"; };
		1A6563D31CC77DA10035E749 /* Info.plist */ = {isa = PBXFileReference; lastKnownFileType = text.plist.xml; path = Info.plist; sourceTree = "<group>"; };
		1A6563E01CC77F390035E749 /* LBGuideView.h */ = {isa = PBXFileReference; fileEncoding = 4; lastKnownFileType = sourcecode.c.h; path = LBGuideView.h; sourceTree = "<group>"; };
		1A6563E11CC77F390035E749 /* LBGuideView.m */ = {isa = PBXFileReference; fileEncoding = 4; lastKnownFileType = sourcecode.c.objc; path = LBGuideView.m; sourceTree = "<group>"; };
/* End PBXFileReference section */

/* Begin PBXFrameworksBuildPhase section */
		1A6563A61CC77DA10035E749 /* Frameworks */ = {
			isa = PBXFrameworksBuildPhase;
			buildActionMask = 2147483647;
			files = (
			);
			runOnlyForDeploymentPostprocessing = 0;
		};
		1A6563BF1CC77DA10035E749 /* Frameworks */ = {
			isa = PBXFrameworksBuildPhase;
			buildActionMask = 2147483647;
			files = (
			);
			runOnlyForDeploymentPostprocessing = 0;
		};
		1A6563CA1CC77DA10035E749 /* Frameworks */ = {
			isa = PBXFrameworksBuildPhase;
			buildActionMask = 2147483647;
			files = (
			);
			runOnlyForDeploymentPostprocessing = 0;
		};
/* End PBXFrameworksBuildPhase section */

/* Begin PBXGroup section */
		1A6563A01CC77DA10035E749 = {
			isa = PBXGroup;
			children = (
				1A6563AB1CC77DA10035E749 /* LBGuideView */,
				1A6563C51CC77DA10035E749 /* LBGuideViewTests */,
				1A6563D01CC77DA10035E749 /* LBGuideViewUITests */,
				1A6563AA1CC77DA10035E749 /* Products */,
			);
			sourceTree = "<group>";
		};
		1A6563AA1CC77DA10035E749 /* Products */ = {
			isa = PBXGroup;
			children = (
				1A6563A91CC77DA10035E749 /* LBGuideView.app */,
				1A6563C21CC77DA10035E749 /* LBGuideViewTests.xctest */,
				1A6563CD1CC77DA10035E749 /* LBGuideViewUITests.xctest */,
			);
			name = Products;
			sourceTree = "<group>";
		};
		1A6563AB1CC77DA10035E749 /* LBGuideView */ = {
			isa = PBXGroup;
			children = (
				1A6563DF1CC77F2E0035E749 /* LBGuideView */,
				1A6563AF1CC77DA10035E749 /* AppDelegate.h */,
				1A6563B01CC77DA10035E749 /* AppDelegate.m */,
				1A6563B21CC77DA10035E749 /* ViewController.h */,
				1A6563B31CC77DA10035E749 /* ViewController.m */,
				1A6563B51CC77DA10035E749 /* Main.storyboard */,
				1A6563B81CC77DA10035E749 /* Assets.xcassets */,
				1A6563BA1CC77DA10035E749 /* LaunchScreen.storyboard */,
				1A6563BD1CC77DA10035E749 /* Info.plist */,
				1A6563AC1CC77DA10035E749 /* Supporting Files */,
			);
			path = LBGuideView;
			sourceTree = "<group>";
		};
		1A6563AC1CC77DA10035E749 /* Supporting Files */ = {
			isa = PBXGroup;
			children = (
				1A6563AD1CC77DA10035E749 /* main.m */,
			);
			name = "Supporting Files";
			sourceTree = "<group>";
		};
		1A6563C51CC77DA10035E749 /* LBGuideViewTests */ = {
			isa = PBXGroup;
			children = (
				1A6563C61CC77DA10035E749 /* LBGuideViewTests.m */,
				1A6563C81CC77DA10035E749 /* Info.plist */,
			);
			path = LBGuideViewTests;
			sourceTree = "<group>";
		};
		1A6563D01CC77DA10035E749 /* LBGuideViewUITests */ = {
			isa = PBXGroup;
			children = (
				1A6563D11CC77DA10035E749 /* LBGuideViewUITests.m */,
				1A6563D31CC77DA10035E749 /* Info.plist */,
			);
			path = LBGuideViewUITests;
			sourceTree = "<group>";
		};
		1A6563DF1CC77F2E0035E749 /* LBGuideView */ = {
			isa = PBXGroup;
			children = (
				1A6563E01CC77F390035E749 /* LBGuideView.h */,
				1A6563E11CC77F390035E749 /* LBGuideView.m */,
			);
			path = LBGuideView;
			sourceTree = "<group>";
		};
/* End PBXGroup section */

/* Begin PBXNativeTarget section */
		1A6563A81CC77DA10035E749 /* LBGuideView */ = {
			isa = PBXNativeTarget;
			buildConfigurationList = 1A6563D61CC77DA10035E749 /* Build configuration list for PBXNativeTarget "LBGuideView" */;
			buildPhases = (
				1A6563A51CC77DA10035E749 /* Sources */,
				1A6563A61CC77DA10035E749 /* Frameworks */,
				1A6563A71CC77DA10035E749 /* Resources */,
			);
			buildRules = (
			);
			dependencies = (
			);
			name = LBGuideView;
			productName = LBGuideView;
			productReference = 1A6563A91CC77DA10035E749 /* LBGuideView.app */;
			productType = "com.apple.product-type.application";
		};
		1A6563C11CC77DA10035E749 /* LBGuideViewTests */ = {
			isa = PBXNativeTarget;
			buildConfigurationList = 1A6563D91CC77DA10035E749 /* Build configuration list for PBXNativeTarget "LBGuideViewTests" */;
			buildPhases = (
				1A6563BE1CC77DA10035E749 /* Sources */,
				1A6563BF1CC77DA10035E749 /* Frameworks */,
				1A6563C01CC77DA10035E749 /* Resources */,
			);
			buildRules = (
			);
			dependencies = (
				1A6563C41CC77DA10035E749 /* PBXTargetDependency */,
			);
			name = LBGuideViewTests;
			productName = LBGuideViewTests;
			productReference = 1A6563C21CC77DA10035E749 /* LBGuideViewTests.xctest */;
			productType = "com.apple.product-type.bundle.unit-test";
		};
		1A6563CC1CC77DA10035E749 /* LBGuideViewUITests */ = {
			isa = PBXNativeTarget;
			buildConfigurationList = 1A6563DC1CC77DA10035E749 /* Build configuration list for PBXNativeTarget "LBGuideViewUITests" */;
			buildPhases = (
				1A6563C91CC77DA10035E749 /* Sources */,
				1A6563CA1CC77DA10035E749 /* Frameworks */,
				1A6563CB1CC77DA10035E749 /* Resources */,
			);
			buildRules = (
			);
			dependencies = (
				1A6563CF1CC77DA10035E749 /* PBXTargetDependency */,
			);
			name = LBGuideViewUITests;
			productName = LBGuideViewUITests;
			productReference = 1A6563CD1CC77DA10035E749 /* LBGuideViewUITests.xctest */;
			productType = "com.apple.product-type.bundle.ui-testing";
		};
/* End PBXNativeTarget section */

/* Begin PBXProject section */
		1A6563A11CC77DA10035E749 /* Project object */ = {
			isa = PBXProject;
			attributes = {
				LastUpgradeCheck = 0730;
				ORGANIZATIONNAME = luobbe;
				TargetAttributes = {
					1A6563A81CC77DA10035E749 = {
						CreatedOnToolsVersion = 7.3;
					};
					1A6563C11CC77DA10035E749 = {
						CreatedOnToolsVersion = 7.3;
						TestTargetID = 1A6563A81CC77DA10035E749;
					};
					1A6563CC1CC77DA10035E749 = {
						CreatedOnToolsVersion = 7.3;
						TestTargetID = 1A6563A81CC77DA10035E749;
					};
				};
			};
			buildConfigurationList = 1A6563A41CC77DA10035E749 /* Build configuration list for PBXProject "LBGuideView" */;
			compatibilityVersion = "Xcode 3.2";
			developmentRegion = English;
			hasScannedForEncodings = 0;
			knownRegions = (
				en,
				Base,
			);
			mainGroup = 1A6563A01CC77DA10035E749;
			productRefGroup = 1A6563AA1CC77DA10035E749 /* Products */;
			projectDirPath = "";
			projectRoot = "";
			targets = (
				1A6563A81CC77DA10035E749 /* LBGuideView */,
				1A6563C11CC77DA10035E749 /* LBGuideViewTests */,
				1A6563CC1CC77DA10035E749 /* LBGuideViewUITests */,
			);
		};
/* End PBXProject section */

/* Begin PBXResourcesBuildPhase section */
		1A6563A71CC77DA10035E749 /* Resources */ = {
			isa = PBXResourcesBuildPhase;
			buildActionMask = 2147483647;
			files = (
				1A6563BC1CC77DA10035E749 /* LaunchScreen.storyboard in Resources */,
				1A6563B91CC77DA10035E749 /* Assets.xcassets in Resources */,
				1A6563B71CC77DA10035E749 /* Main.storyboard in Resources */,
			);
			runOnlyForDeploymentPostprocessing = 0;
		};
		1A6563C01CC77DA10035E749 /* Resources */ = {
			isa = PBXResourcesBuildPhase;
			buildActionMask = 2147483647;
			files = (
			);
			runOnlyForDeploymentPostprocessing = 0;
		};
		1A6563CB1CC77DA10035E749 /* Resources */ = {
			isa = PBXResourcesBuildPhase;
			buildActionMask = 2147483647;
			files = (
			);
			runOnlyForDeploymentPostprocessing = 0;
		};
/* End PBXResourcesBuildPhase section */

/* Begin PBXSourcesBuildPhase section */
		1A6563A51CC77DA10035E749 /* Sources */ = {
			isa = PBXSourcesBuildPhase;
			buildActionMask = 2147483647;
			files = (
				1A6563B41CC77DA10035E749 /* ViewController.m in Sources */,
				1A6563B11CC77DA10035E749 /* AppDelegate.m in Sources */,
				1A6563AE1CC77DA10035E749 /* main.m in Sources */,
				1A6563E21CC77F390035E749 /* LBGuideView.m in Sources */,
			);
			runOnlyForDeploymentPostprocessing = 0;
		};
		1A6563BE1CC77DA10035E749 /* Sources */ = {
			isa = PBXSourcesBuildPhase;
			buildActionMask = 2147483647;
			files = (
				1A6563C71CC77DA10035E749 /* LBGuideViewTests.m in Sources */,
			);
			runOnlyForDeploymentPostprocessing = 0;
		};
		1A6563C91CC77DA10035E749 /* Sources */ = {
			isa = PBXSourcesBuildPhase;
			buildActionMask = 2147483647;
			files = (
				1A6563D21CC77DA10035E749 /* LBGuideViewUITests.m in Sources */,
			);
			runOnlyForDeploymentPostprocessing = 0;
		};
/* End PBXSourcesBuildPhase section */

/* Begin PBXTargetDependency section */
		1A6563C41CC77DA10035E749 /* PBXTargetDependency */ = {
			isa = PBXTargetDependency;
			target = 1A6563A81CC77DA10035E749 /* LBGuideView */;
			targetProxy = 1A6563C31CC77DA10035E749 /* PBXContainerItemProxy */;
		};
		1A6563CF1CC77DA10035E749 /* PBXTargetDependency */ = {
			isa = PBXTargetDependency;
			target = 1A6563A81CC77DA10035E749 /* LBGuideView */;
			targetProxy = 1A6563CE1CC77DA10035E749 /* PBXContainerItemProxy */;
		};
/* End PBXTargetDependency section */

/* Begin PBXVariantGroup section */
		1A6563B51CC77DA10035E749 /* Main.storyboard */ = {
			isa = PBXVariantGroup;
			children = (
				1A6563B61CC77DA10035E749 /* Base */,
			);
			name = Main.storyboard;
			sourceTree = "<group>";
		};
		1A6563BA1CC77DA10035E749 /* LaunchScreen.storyboard */ = {
			isa = PBXVariantGroup;
			children = (
				1A6563BB1CC77DA10035E749 /* Base */,
			);
			name = LaunchScreen.storyboard;
			sourceTree = "<group>";
		};
/* End PBXVariantGroup section */

/* Begin XCBuildConfiguration section */
		1A6563D41CC77DA10035E749 /* Debug */ = {
			isa = XCBuildConfiguration;
			buildSettings = {
				ALWAYS_SEARCH_USER_PATHS = NO;
				CLANG_ANALYZER_NONNULL = YES;
				CLANG_CXX_LANGUAGE_STANDARD = "gnu++0x";
				CLANG_CXX_LIBRARY = "libc++";
				CLANG_ENABLE_MODULES = YES;
				CLANG_ENABLE_OBJC_ARC = YES;
				CLANG_WARN_BOOL_CONVERSION = YES;
				CLANG_WARN_CONSTANT_CONVERSION = YES;
				CLANG_WARN_DIRECT_OBJC_ISA_USAGE = YES_ERROR;
				CLANG_WARN_EMPTY_BODY = YES;
				CLANG_WARN_ENUM_CONVERSION = YES;
				CLANG_WARN_INT_CONVERSION = YES;
				CLANG_WARN_OBJC_ROOT_CLASS = YES_ERROR;
				CLANG_WARN_UNREACHABLE_CODE = YES;
				CLANG_WARN__DUPLICATE_METHOD_MATCH = YES;
				"CODE_SIGN_IDENTITY[sdk=iphoneos*]" = "iPhone Developer";
				COPY_PHASE_STRIP = NO;
				DEBUG_INFORMATION_FORMAT = dwarf;
				ENABLE_STRICT_OBJC_MSGSEND = YES;
				ENABLE_TESTABILITY = YES;
				GCC_C_LANGUAGE_STANDARD = gnu99;
				GCC_DYNAMIC_NO_PIC = NO;
				GCC_NO_COMMON_BLOCKS = YES;
				GCC_OPTIMIZATION_LEVEL = 0;
				GCC_PREPROCESSOR_DEFINITIONS = (
					"DEBUG=1",
					"$(inherited)",
				);
				GCC_WARN_64_TO_32_BIT_CONVERSION = YES;
				GCC_WARN_ABOUT_RETURN_TYPE = YES_ERROR;
				GCC_WARN_UNDECLARED_SELECTOR = YES;
				GCC_WARN_UNINITIALIZED_AUTOS = YES_AGGRESSIVE;
				GCC_WARN_UNUSED_FUNCTION = YES;
				GCC_WARN_UNUSED_VARIABLE = YES;
				IPHONEOS_DEPLOYMENT_TARGET = 9.3;
				MTL_ENABLE_DEBUG_INFO = YES;
				ONLY_ACTIVE_ARCH = YES;
				SDKROOT = iphoneos;
			};
			name = Debug;
		};
		1A6563D51CC77DA10035E749 /* Release */ = {
			isa = XCBuildConfiguration;
			buildSettings = {
				ALWAYS_SEARCH_USER_PATHS = NO;
				CLANG_ANALYZER_NONNULL = YES;
				CLANG_CXX_LANGUAGE_STANDARD = "gnu++0x";
				CLANG_CXX_LIBRARY = "libc++";
				CLANG_ENABLE_MODULES = YES;
				CLANG_ENABLE_OBJC_ARC = YES;
				CLANG_WARN_BOOL_CONVERSION = YES;
				CLANG_WARN_CONSTANT_CONVERSION = YES;
				CLANG_WARN_DIRECT_OBJC_ISA_USAGE = YES_ERROR;
				CLANG_WARN_EMPTY_BODY = YES;
				CLANG_WARN_ENUM_CONVERSION = YES;
				CLANG_WARN_INT_CONVERSION = YES;
				CLANG_WARN_OBJC_ROOT_CLASS = YES_ERROR;
				CLANG_WARN_UNREACHABLE_CODE = YES;
				CLANG_WARN__DUPLICATE_METHOD_MATCH = YES;
				"CODE_SIGN_IDENTITY[sdk=iphoneos*]" = "iPhone Developer";
				COPY_PHASE_STRIP = NO;
				DEBUG_INFORMATION_FORMAT = "dwarf-with-dsym";
				ENABLE_NS_ASSERTIONS = NO;
				ENABLE_STRICT_OBJC_MSGSEND = YES;
				GCC_C_LANGUAGE_STANDARD = gnu99;
				GCC_NO_COMMON_BLOCKS = YES;
				GCC_WARN_64_TO_32_BIT_CONVERSION = YES;
				GCC_WARN_ABOUT_RETURN_TYPE = YES_ERROR;
				GCC_WARN_UNDECLARED_SELECTOR = YES;
				GCC_WARN_UNINITIALIZED_AUTOS = YES_AGGRESSIVE;
				GCC_WARN_UNUSED_FUNCTION = YES;
				GCC_WARN_UNUSED_VARIABLE = YES;
				IPHONEOS_DEPLOYMENT_TARGET = 9.3;
				MTL_ENABLE_DEBUG_INFO = NO;
				SDKROOT = iphoneos;
				VALIDATE_PRODUCT = YES;
			};
			name = Release;
		};
		1A6563D71CC77DA10035E749 /* Debug */ = {
			isa = XCBuildConfiguration;
			buildSettings = {
				ASSETCATALOG_COMPILER_APPICON_NAME = AppIcon;
				INFOPLIST_FILE = LBGuideView/Info.plist;
				IPHONEOS_DEPLOYMENT_TARGET = 8.2;
				LD_RUNPATH_SEARCH_PATHS = "$(inherited) @executable_path/Frameworks";
				PRODUCT_BUNDLE_IDENTIFIER = luobbe.LBGuideView;
				PRODUCT_NAME = "$(TARGET_NAME)";
			};
			name = Debug;
		};
		1A6563D81CC77DA10035E749 /* Release */ = {
			isa = XCBuildConfiguration;
			buildSettings = {
				ASSETCATALOG_COMPILER_APPICON_NAME = AppIcon;
				INFOPLIST_FILE = LBGuideView/Info.plist;
				IPHONEOS_DEPLOYMENT_TARGET = 8.2;
				LD_RUNPATH_SEARCH_PATHS = "$(inherited) @executable_path/Frameworks";
				PRODUCT_BUNDLE_IDENTIFIER = luobbe.LBGuideView;
				PRODUCT_NAME = "$(TARGET_NAME)";
			};
			name = Release;
		};
		1A6563DA1CC77DA10035E749 /* Debug */ = {
			isa = XCBuildConfiguration;
			buildSettings = {
				BUNDLE_LOADER = "$(TEST_HOST)";
				INFOPLIST_FILE = LBGuideViewTests/Info.plist;
				LD_RUNPATH_SEARCH_PATHS = "$(inherited) @executable_path/Frameworks @loader_path/Frameworks";
				PRODUCT_BUNDLE_IDENTIFIER = luobbe.LBGuideViewTests;
				PRODUCT_NAME = "$(TARGET_NAME)";
				TEST_HOST = "$(BUILT_PRODUCTS_DIR)/LBGuideView.app/LBGuideView";
			};
			name = Debug;
		};
		1A6563DB1CC77DA10035E749 /* Release */ = {
			isa = XCBuildConfiguration;
			buildSettings = {
				BUNDLE_LOADER = "$(TEST_HOST)";
				INFOPLIST_FILE = LBGuideViewTests/Info.plist;
				LD_RUNPATH_SEARCH_PATHS = "$(inherited) @executable_path/Frameworks @loader_path/Frameworks";
				PRODUCT_BUNDLE_IDENTIFIER = luobbe.LBGuideViewTests;
				PRODUCT_NAME = "$(TARGET_NAME)";
				TEST_HOST = "$(BUILT_PRODUCTS_DIR)/LBGuideView.app/LBGuideView";
			};
			name = Release;
		};
		1A6563DD1CC77DA10035E749 /* Debug */ = {
			isa = XCBuildConfiguration;
			buildSettings = {
				INFOPLIST_FILE = LBGuideViewUITests/Info.plist;
				LD_RUNPATH_SEARCH_PATHS = "$(inherited) @executable_path/Frameworks @loader_path/Frameworks";
				PRODUCT_BUNDLE_IDENTIFIER = luobbe.LBGuideViewUITests;
				PRODUCT_NAME = "$(TARGET_NAME)";
				TEST_TARGET_NAME = LBGuideView;
			};
			name = Debug;
		};
		1A6563DE1CC77DA10035E749 /* Release */ = {
			isa = XCBuildConfiguration;
			buildSettings = {
				INFOPLIST_FILE = LBGuideViewUITests/Info.plist;
				LD_RUNPATH_SEARCH_PATHS = "$(inherited) @executable_path/Frameworks @loader_path/Frameworks";
				PRODUCT_BUNDLE_IDENTIFIER = luobbe.LBGuideViewUITests;
				PRODUCT_NAME = "$(TARGET_NAME)";
				TEST_TARGET_NAME = LBGuideView;
			};
			name = Release;
		};
/* End XCBuildConfiguration section */

/* Begin XCConfigurationList section */
		1A6563A41CC77DA10035E749 /* Build configuration list for PBXProject "LBGuideView" */ = {
			isa = XCConfigurationList;
			buildConfigurations = (
				1A6563D41CC77DA10035E749 /* Debug */,
				1A6563D51CC77DA10035E749 /* Release */,
			);
			defaultConfigurationIsVisible = 0;
			defaultConfigurationName = Release;
		};
		1A6563D61CC77DA10035E749 /* Build configuration list for PBXNativeTarget "LBGuideView" */ = {
			isa = XCConfigurationList;
			buildConfigurations = (
				1A6563D71CC77DA10035E749 /* Debug */,
				1A6563D81CC77DA10035E749 /* Release */,
			);
			defaultConfigurationIsVisible = 0;
		};
		1A6563D91CC77DA10035E749 /* Build configuration list for PBXNativeTarget "LBGuideViewTests" */ = {
			isa = XCConfigurationList;
			buildConfigurations = (
				1A6563DA1CC77DA10035E749 /* Debug */,
				1A6563DB1CC77DA10035E749 /* Release */,
			);
			defaultConfigurationIsVisible = 0;
		};
		1A6563DC1CC77DA10035E749 /* Build configuration list for PBXNativeTarget "LBGuideViewUITests" */ = {
			isa = XCConfigurationList;
			buildConfigurations = (
				1A6563DD1CC77DA10035E749 /* Debug */,
				1A6563DE1CC77DA10035E749 /* Release */,
			);
			defaultConfigurationIsVisible = 0;
		};
/* End XCConfigurationList section */
	};
	rootObject = 1A6563A11CC77DA10035E749 /* Project object */;
}
